
Microsoft Visual Studio Solution File, Format Version 12.00
# Visual Studio 2013
VisualStudioVersion = 12.0.30501.0
MinimumVisualStudioVersion = 10.0.40219.1
Project("{FAE04EC0-301F-11D3-BF4B-00C04F79EFBC}") = "GeoTwitter", "GeoTwitter\GeoTwitter\GeoTwitter.csproj", "{14743962-F920-4C4D-9E2D-151D6B39108E}"
EndProject
Project("{FAE04EC0-301F-11D3-BF4B-00C04F79EFBC}") = "GeoTwitter.iOS", "GeoTwitter\GeoTwitter.iOS\GeoTwitter.iOS.csproj", "{BD6CC07D-014A-4306-A5DE-6D85E037E8A1}"
EndProject
Project("{FAE04EC0-301F-11D3-BF4B-00C04F79EFBC}") = "GeoTwitter.Android", "GeoTwitter\GeoTwitter.Android\GeoTwitter.Android.csproj", "{D312DAE3-305F-4324-8144-0DB11D5C91EF}"
EndProject
Project("{FAE04EC0-301F-11D3-BF4B-00C04F79EFBC}") = "GeoTwitter.WinPhone", "GeoTwitter\GeoTwitter.WinPhone\GeoTwitter.WinPhone.csproj", "{D17D39F3-9ACE-4DDE-8607-5A2638FB7CBE}"
EndProject
Global
	GlobalSection(SolutionConfigurationPlatforms) = preSolution
		Ad-Hoc|Any CPU = Ad-Hoc|Any CPU
		Ad-Hoc|ARM = Ad-Hoc|ARM
		Ad-Hoc|iPhone = Ad-Hoc|iPhone
		Ad-Hoc|iPhoneSimulator = Ad-Hoc|iPhoneSimulator
		Ad-Hoc|Mixed Platforms = Ad-Hoc|Mixed Platforms
		Ad-Hoc|x86 = Ad-Hoc|x86
		AppStore|Any CPU = AppStore|Any CPU
		AppStore|ARM = AppStore|ARM
		AppStore|iPhone = AppStore|iPhone
		AppStore|iPhoneSimulator = AppStore|iPhoneSimulator
		AppStore|Mixed Platforms = AppStore|Mixed Platforms
		AppStore|x86 = AppStore|x86
		Debug|Any CPU = Debug|Any CPU
		Debug|ARM = Debug|ARM
		Debug|iPhone = Debug|iPhone
		Debug|iPhoneSimulator = Debug|iPhoneSimulator
		Debug|Mixed Platforms = Debug|Mixed Platforms
		Debug|x86 = Debug|x86
		Release|Any CPU = Release|Any CPU
		Release|ARM = Release|ARM
		Release|iPhone = Release|iPhone
		Release|iPhoneSimulator = Release|iPhoneSimulator
		Release|Mixed Platforms = Release|Mixed Platforms
		Release|x86 = Release|x86
	EndGlobalSection
	GlobalSection(ProjectConfigurationPlatforms) = postSolution
		{14743962-F920-4C4D-9E2D-151D6B39108E}.Ad-Hoc|Any CPU.ActiveCfg = Release|Any CPU
		{14743962-F920-4C4D-9E2D-151D6B39108E}.Ad-Hoc|Any CPU.Build.0 = Release|Any CPU
		{14743962-F920-4C4D-9E2D-151D6B39108E}.Ad-Hoc|ARM.ActiveCfg = Release|Any CPU
		{14743962-F920-4C4D-9E2D-151D6B39108E}.Ad-Hoc|iPhone.ActiveCfg = Release|Any CPU
		{14743962-F920-4C4D-9E2D-151D6B39108E}.Ad-Hoc|iPhoneSimulator.ActiveCfg = Release|Any CPU
		{14743962-F920-4C4D-9E2D-151D6B39108E}.Ad-Hoc|Mixed Platforms.ActiveCfg = Release|Any CPU
		{14743962-F920-4C4D-9E2D-151D6B39108E}.Ad-Hoc|Mixed Platforms.Build.0 = Release|Any CPU
		{14743962-F920-4C4D-9E2D-151D6B39108E}.Ad-Hoc|x86.ActiveCfg = Release|Any CPU
		{14743962-F920-4C4D-9E2D-151D6B39108E}.AppStore|Any CPU.ActiveCfg = Release|Any CPU
		{14743962-F920-4C4D-9E2D-151D6B39108E}.AppStore|Any CPU.Build.0 = Release|Any CPU
		{14743962-F920-4C4D-9E2D-151D6B39108E}.AppStore|ARM.ActiveCfg = Release|Any CPU
		{14743962-F920-4C4D-9E2D-151D6B39108E}.AppStore|iPhone.ActiveCfg = Release|Any CPU
		{14743962-F920-4C4D-9E2D-151D6B39108E}.AppStore|iPhoneSimulator.ActiveCfg = Release|Any CPU
		{14743962-F920-4C4D-9E2D-151D6B39108E}.AppStore|Mixed Platforms.ActiveCfg = Release|Any CPU
		{14743962-F920-4C4D-9E2D-151D6B39108E}.AppStore|Mixed Platforms.Build.0 = Release|Any CPU
		{14743962-F920-4C4D-9E2D-151D6B39108E}.AppStore|x86.ActiveCfg = Release|Any CPU
		{14743962-F920-4C4D-9E2D-151D6B39108E}.Debug|Any CPU.ActiveCfg = Debug|Any CPU
		{14743962-F920-4C4D-9E2D-151D6B39108E}.Debug|Any CPU.Build.0 = Debug|Any CPU
		{14743962-F920-4C4D-9E2D-151D6B39108E}.Debug|ARM.ActiveCfg = Debug|Any CPU
		{14743962-F920-4C4D-9E2D-151D6B39108E}.Debug|iPhone.ActiveCfg = Debug|Any CPU
		{14743962-F920-4C4D-9E2D-151D6B39108E}.Debug|iPhoneSimulator.ActiveCfg = Debug|Any CPU
		{14743962-F920-4C4D-9E2D-151D6B39108E}.Debug|Mixed Platforms.ActiveCfg = Debug|Any CPU
		{14743962-F920-4C4D-9E2D-151D6B39108E}.Debug|Mixed Platforms.Build.0 = Debug|Any CPU
		{14743962-F920-4C4D-9E2D-151D6B39108E}.Debug|x86.ActiveCfg = Debug|Any CPU
		{14743962-F920-4C4D-9E2D-151D6B39108E}.Release|Any CPU.ActiveCfg = Release|Any CPU
		{14743962-F920-4C4D-9E2D-151D6B39108E}.Release|Any CPU.Build.0 = Release|Any CPU
		{14743962-F920-4C4D-9E2D-151D6B39108E}.Release|ARM.ActiveCfg = Release|Any CPU
		{14743962-F920-4C4D-9E2D-151D6B39108E}.Release|iPhone.ActiveCfg = Release|Any CPU
		{14743962-F920-4C4D-9E2D-151D6B39108E}.Release|iPhoneSimulator.ActiveCfg = Release|Any CPU
		{14743962-F920-4C4D-9E2D-151D6B39108E}.Release|Mixed Platforms.ActiveCfg = Release|Any CPU
		{14743962-F920-4C4D-9E2D-151D6B39108E}.Release|Mixed Platforms.Build.0 = Release|Any CPU
		{14743962-F920-4C4D-9E2D-151D6B39108E}.Release|x86.ActiveCfg = Release|Any CPU
		{BD6CC07D-014A-4306-A5DE-6D85E037E8A1}.Ad-Hoc|Any CPU.ActiveCfg = Ad-Hoc|iPhone
		{BD6CC07D-014A-4306-A5DE-6D85E037E8A1}.Ad-Hoc|ARM.ActiveCfg = Ad-Hoc|iPhone
		{BD6CC07D-014A-4306-A5DE-6D85E037E8A1}.Ad-Hoc|iPhone.ActiveCfg = Ad-Hoc|iPhone
		{BD6CC07D-014A-4306-A5DE-6D85E037E8A1}.Ad-Hoc|iPhone.Build.0 = Ad-Hoc|iPhone
		{BD6CC07D-014A-4306-A5DE-6D85E037E8A1}.Ad-Hoc|iPhoneSimulator.ActiveCfg = Ad-Hoc|iPhoneSimulator
		{BD6CC07D-014A-4306-A5DE-6D85E037E8A1}.Ad-Hoc|iPhoneSimulator.Build.0 = Ad-Hoc|iPhoneSimulator
		{BD6CC07D-014A-4306-A5DE-6D85E037E8A1}.Ad-Hoc|Mixed Platforms.ActiveCfg = Ad-Hoc|iPhone
		{BD6CC07D-014A-4306-A5DE-6D85E037E8A1}.Ad-Hoc|Mixed Platforms.Build.0 = Ad-Hoc|iPhone
		{BD6CC07D-014A-4306-A5DE-6D85E037E8A1}.Ad-Hoc|x86.ActiveCfg = Ad-Hoc|iPhone
		{BD6CC07D-014A-4306-A5DE-6D85E037E8A1}.AppStore|Any CPU.ActiveCfg = AppStore|iPhone
		{BD6CC07D-014A-4306-A5DE-6D85E037E8A1}.AppStore|ARM.ActiveCfg = AppStore|iPhone
		{BD6CC07D-014A-4306-A5DE-6D85E037E8A1}.AppStore|iPhone.ActiveCfg = AppStore|iPhone
		{BD6CC07D-014A-4306-A5DE-6D85E037E8A1}.AppStore|iPhone.Build.0 = AppStore|iPhone
		{BD6CC07D-014A-4306-A5DE-6D85E037E8A1}.AppStore|iPhoneSimulator.ActiveCfg = AppStore|iPhoneSimulator
		{BD6CC07D-014A-4306-A5DE-6D85E037E8A1}.AppStore|iPhoneSimulator.Build.0 = AppStore|iPhoneSimulator
		{BD6CC07D-014A-4306-A5DE-6D85E037E8A1}.AppStore|Mixed Platforms.ActiveCfg = AppStore|iPhone
		{BD6CC07D-014A-4306-A5DE-6D85E037E8A1}.AppStore|Mixed Platforms.Build.0 = AppStore|iPhone
		{BD6CC07D-014A-4306-A5DE-6D85E037E8A1}.AppStore|x86.ActiveCfg = AppStore|iPhone
		{BD6CC07D-014A-4306-A5DE-6D85E037E8A1}.Debug|Any CPU.ActiveCfg = Debug|iPhone
		{BD6CC07D-014A-4306-A5DE-6D85E037E8A1}.Debug|ARM.ActiveCfg = Debug|iPhone
		{BD6CC07D-014A-4306-A5DE-6D85E037E8A1}.Debug|iPhone.ActiveCfg = Debug|iPhone
		{BD6CC07D-014A-4306-A5DE-6D85E037E8A1}.Debug|iPhone.Build.0 = Debug|iPhone
		{BD6CC07D-014A-4306-A5DE-6D85E037E8A1}.Debug|iPhoneSimulator.ActiveCfg = Debug|iPhoneSimulator
		{BD6CC07D-014A-4306-A5DE-6D85E037E8A1}.Debug|iPhoneSimulator.Build.0 = Debug|iPhoneSimulator
		{BD6CC07D-014A-4306-A5DE-6D85E037E8A1}.Debug|Mixed Platforms.ActiveCfg = Debug|iPhone
		{BD6CC07D-014A-4306-A5DE-6D85E037E8A1}.Debug|Mixed Platforms.Build.0 = Debug|iPhone
		{BD6CC07D-014A-4306-A5DE-6D85E037E8A1}.Debug|x86.ActiveCfg = Debug|iPhone
		{BD6CC07D-014A-4306-A5DE-6D85E037E8A1}.Release|Any CPU.ActiveCfg = Release|iPhone
		{BD6CC07D-014A-4306-A5DE-6D85E037E8A1}.Release|ARM.ActiveCfg = Release|iPhone
		{BD6CC07D-014A-4306-A5DE-6D85E037E8A1}.Release|iPhone.ActiveCfg = Release|iPhone
		{BD6CC07D-014A-4306-A5DE-6D85E037E8A1}.Release|iPhone.Build.0 = Release|iPhone
		{BD6CC07D-014A-4306-A5DE-6D85E037E8A1}.Release|iPhoneSimulator.ActiveCfg = Release|iPhoneSimulator
		{BD6CC07D-014A-4306-A5DE-6D85E037E8A1}.Release|iPhoneSimulator.Build.0 = Release|iPhoneSimulator
		{BD6CC07D-014A-4306-A5DE-6D85E037E8A1}.Release|Mixed Platforms.ActiveCfg = Release|iPhone
		{BD6CC07D-014A-4306-A5DE-6D85E037E8A1}.Release|Mixed Platforms.Build.0 = Release|iPhone
		{BD6CC07D-014A-4306-A5DE-6D85E037E8A1}.Release|x86.ActiveCfg = Release|iPhone
		{D312DAE3-305F-4324-8144-0DB11D5C91EF}.Ad-Hoc|Any CPU.ActiveCfg = Release|Any CPU
		{D312DAE3-305F-4324-8144-0DB11D5C91EF}.Ad-Hoc|Any CPU.Build.0 = Release|Any CPU
		{D312DAE3-305F-4324-8144-0DB11D5C91EF}.Ad-Hoc|Any CPU.Deploy.0 = Release|Any CPU
		{D312DAE3-305F-4324-8144-0DB11D5C91EF}.Ad-Hoc|ARM.ActiveCfg = Release|Any CPU
		{D312DAE3-305F-4324-8144-0DB11D5C91EF}.Ad-Hoc|iPhone.ActiveCfg = Release|Any CPU
		{D312DAE3-305F-4324-8144-0DB11D5C91EF}.Ad-Hoc|iPhoneSimulator.ActiveCfg = Release|Any CPU
		{D312DAE3-305F-4324-8144-0DB11D5C91EF}.Ad-Hoc|Mixed Platforms.ActiveCfg = Release|Any CPU
		{D312DAE3-305F-4324-8144-0DB11D5C91EF}.Ad-Hoc|Mixed Platforms.Build.0 = Release|Any CPU
		{D312DAE3-305F-4324-8144-0DB11D5C91EF}.Ad-Hoc|Mixed Platforms.Deploy.0 = Release|Any CPU
		{D312DAE3-305F-4324-8144-0DB11D5C91EF}.Ad-Hoc|x86.ActiveCfg = Release|Any CPU
		{D312DAE3-305F-4324-8144-0DB11D5C91EF}.AppStore|Any CPU.ActiveCfg = Release|Any CPU
		{D312DAE3-305F-4324-8144-0DB11D5C91EF}.AppStore|Any CPU.Build.0 = Release|Any CPU
		{D312DAE3-305F-4324-8144-0DB11D5C91EF}.AppStore|Any CPU.Deploy.0 = Release|Any CPU
		{D312DAE3-305F-4324-8144-0DB11D5C91EF}.AppStore|ARM.ActiveCfg = Release|Any CPU
		{D312DAE3-305F-4324-8144-0DB11D5C91EF}.AppStore|iPhone.ActiveCfg = Release|Any CPU
		{D312DAE3-305F-4324-8144-0DB11D5C91EF}.AppStore|iPhoneSimulator.ActiveCfg = Release|Any CPU
		{D312DAE3-305F-4324-8144-0DB11D5C91EF}.AppStore|Mixed Platforms.ActiveCfg = Release|Any CPU
		{D312DAE3-305F-4324-8144-0DB11D5C91EF}.AppStore|Mixed Platforms.Build.0 = Release|Any CPU
		{D312DAE3-305F-4324-8144-0DB11D5C91EF}.AppStore|Mixed Platforms.Deploy.0 = Release|Any CPU
		{D312DAE3-305F-4324-8144-0DB11D5C91EF}.AppStore|x86.ActiveCfg = Release|Any CPU
		{D312DAE3-305F-4324-8144-0DB11D5C91EF}.Debug|Any CPU.ActiveCfg = Debug|Any CPU
		{D312DAE3-305F-4324-8144-0DB11D5C91EF}.Debug|Any CPU.Build.0 = Debug|Any CPU
		{D312DAE3-305F-4324-8144-0DB11D5C91EF}.Debug|Any CPU.Deploy.0 = Debug|Any CPU
		{D312DAE3-305F-4324-8144-0DB11D5C91EF}.Debug|ARM.ActiveCfg = Debug|Any CPU
		{D312DAE3-305F-4324-8144-0DB11D5C91EF}.Debug|ARM.Build.0 = Debug|Any CPU
		{D312DAE3-305F-4324-8144-0DB11D5C91EF}.Debug|ARM.Deploy.0 = Debug|Any CPU
		{D312DAE3-305F-4324-8144-0DB11D5C91EF}.Debug|iPhone.ActiveCfg = Debug|Any CPU
		{D312DAE3-305F-4324-8144-0DB11D5C91EF}.Debug|iPhoneSimulator.ActiveCfg = Debug|Any CPU
		{D312DAE3-305F-4324-8144-0DB11D5C91EF}.Debug|Mixed Platforms.ActiveCfg = Debug|Any CPU
		{D312DAE3-305F-4324-8144-0DB11D5C91EF}.Debug|Mixed Platforms.Build.0 = Debug|Any CPU
		{D312DAE3-305F-4324-8144-0DB11D5C91EF}.Debug|Mixed Platforms.Deploy.0 = Debug|Any CPU
		{D312DAE3-305F-4324-8144-0DB11D5C91EF}.Debug|x86.ActiveCfg = Debug|Any CPU
		{D312DAE3-305F-4324-8144-0DB11D5C91EF}.Release|Any CPU.ActiveCfg = Release|Any CPU
		{D312DAE3-305F-4324-8144-0DB11D5C91EF}.Release|Any CPU.Build.0 = Release|Any CPU
		{D312DAE3-305F-4324-8144-0DB11D5C91EF}.Release|Any CPU.Deploy.0 = Release|Any CPU
		{D312DAE3-305F-4324-8144-0DB11D5C91EF}.Release|ARM.ActiveCfg = Release|Any CPU
		{D312DAE3-305F-4324-8144-0DB11D5C91EF}.Release|iPhone.ActiveCfg = Release|Any CPU
		{D312DAE3-305F-4324-8144-0DB11D5C91EF}.Release|iPhoneSimulator.ActiveCfg = Release|Any CPU
		{D312DAE3-305F-4324-8144-0DB11D5C91EF}.Release|Mixed Platforms.ActiveCfg = Release|Any CPU
		{D312DAE3-305F-4324-8144-0DB11D5C91EF}.Release|Mixed Platforms.Build.0 = Release|Any CPU
		{D312DAE3-305F-4324-8144-0DB11D5C91EF}.Release|Mixed Platforms.Deploy.0 = Release|Any CPU
		{D312DAE3-305F-4324-8144-0DB11D5C91EF}.Release|x86.ActiveCfg = Release|Any CPU
		{D17D39F3-9ACE-4DDE-8607-5A2638FB7CBE}.Ad-Hoc|Any CPU.ActiveCfg = Release|Any CPU
		{D17D39F3-9ACE-4DDE-8607-5A2638FB7CBE}.Ad-Hoc|Any CPU.Build.0 = Release|Any CPU
		{D17D39F3-9ACE-4DDE-8607-5A2638FB7CBE}.Ad-Hoc|Any CPU.Deploy.0 = Release|Any CPU
		{D17D39F3-9ACE-4DDE-8607-5A2638FB7CBE}.Ad-Hoc|ARM.ActiveCfg = Release|ARM
		{D17D39F3-9ACE-4DDE-8607-5A2638FB7CBE}.Ad-Hoc|ARM.Build.0 = Release|ARM
		{D17D39F3-9ACE-4DDE-8607-5A2638FB7CBE}.Ad-Hoc|ARM.Deploy.0 = Release|ARM
		{D17D39F3-9ACE-4DDE-8607-5A2638FB7CBE}.Ad-Hoc|iPhone.ActiveCfg = Release|Any CPU
		{D17D39F3-9ACE-4DDE-8607-5A2638FB7CBE}.Ad-Hoc|iPhoneSimulator.ActiveCfg = Release|Any CPU
		{D17D39F3-9ACE-4DDE-8607-5A2638FB7CBE}.Ad-Hoc|Mixed Platforms.ActiveCfg = Release|x86
		{D17D39F3-9ACE-4DDE-8607-5A2638FB7CBE}.Ad-Hoc|Mixed Platforms.Build.0 = Release|x86
		{D17D39F3-9ACE-4DDE-8607-5A2638FB7CBE}.Ad-Hoc|Mixed Platforms.Deploy.0 = Release|x86
		{D17D39F3-9ACE-4DDE-8607-5A2638FB7CBE}.Ad-Hoc|x86.ActiveCfg = Release|x86
		{D17D39F3-9ACE-4DDE-8607-5A2638FB7CBE}.Ad-Hoc|x86.Build.0 = Release|x86
		{D17D39F3-9ACE-4DDE-8607-5A2638FB7CBE}.Ad-Hoc|x86.Deploy.0 = Release|x86
		{D17D39F3-9ACE-4DDE-8607-5A2638FB7CBE}.AppStore|Any CPU.ActiveCfg = Release|Any CPU
		{D17D39F3-9ACE-4DDE-8607-5A2638FB7CBE}.AppStore|Any CPU.Build.0 = Release|Any CPU
		{D17D39F3-9ACE-4DDE-8607-5A2638FB7CBE}.AppStore|Any CPU.Deploy.0 = Release|Any CPU
		{D17D39F3-9ACE-4DDE-8607-5A2638FB7CBE}.AppStore|ARM.ActiveCfg = Release|ARM
		{D17D39F3-9ACE-4DDE-8607-5A2638FB7CBE}.AppStore|ARM.Build.0 = Release|ARM
		{D17D39F3-9ACE-4DDE-8607-5A2638FB7CBE}.AppStore|ARM.Deploy.0 = Release|ARM
		{D17D39F3-9ACE-4DDE-8607-5A2638FB7CBE}.AppStore|iPhone.ActiveCfg = Release|Any CPU
		{D17D39F3-9ACE-4DDE-8607-5A2638FB7CBE}.AppStore|iPhoneSimulator.ActiveCfg = Release|Any CPU
		{D17D39F3-9ACE-4DDE-8607-5A2638FB7CBE}.AppStore|Mixed Platforms.ActiveCfg = Release|x86
		{D17D39F3-9ACE-4DDE-8607-5A2638FB7CBE}.AppStore|Mixed Platforms.Build.0 = Release|x86
		{D17D39F3-9ACE-4DDE-8607-5A2638FB7CBE}.AppStore|Mixed Platforms.Deploy.0 = Release|x86
		{D17D39F3-9ACE-4DDE-8607-5A2638FB7CBE}.AppStore|x86.ActiveCfg = Release|x86
		{D17D39F3-9ACE-4DDE-8607-5A2638FB7CBE}.AppStore|x86.Build.0 = Release|x86
		{D17D39F3-9ACE-4DDE-8607-5A2638FB7CBE}.AppStore|x86.Deploy.0 = Release|x86
		{D17D39F3-9ACE-4DDE-8607-5A2638FB7CBE}.Debug|Any CPU.ActiveCfg = Debug|Any CPU
		{D17D39F3-9ACE-4DDE-8607-5A2638FB7CBE}.Debug|Any CPU.Build.0 = Debug|Any CPU
		{D17D39F3-9ACE-4DDE-8607-5A2638FB7CBE}.Debug|Any CPU.Deploy.0 = Debug|Any CPU
		{D17D39F3-9ACE-4DDE-8607-5A2638FB7CBE}.Debug|ARM.ActiveCfg = Debug|ARM
		{D17D39F3-9ACE-4DDE-8607-5A2638FB7CBE}.Debug|ARM.Build.0 = Debug|ARM
		{D17D39F3-9ACE-4DDE-8607-5A2638FB7CBE}.Debug|ARM.Deploy.0 = Debug|ARM
		{D17D39F3-9ACE-4DDE-8607-5A2638FB7CBE}.Debug|iPhone.ActiveCfg = Debug|Any CPU
		{D17D39F3-9ACE-4DDE-8607-5A2638FB7CBE}.Debug|iPhoneSimulator.ActiveCfg = Debug|Any CPU
		{D17D39F3-9ACE-4DDE-8607-5A2638FB7CBE}.Debug|Mixed Platforms.ActiveCfg = Debug|x86
		{D17D39F3-9ACE-4DDE-8607-5A2638FB7CBE}.Debug|Mixed Platforms.Build.0 = Debug|x86
		{D17D39F3-9ACE-4DDE-8607-5A2638FB7CBE}.Debug|Mixed Platforms.Deploy.0 = Debug|x86
		{D17D39F3-9ACE-4DDE-8607-5A2638FB7CBE}.Debug|x86.ActiveCfg = Debug|x86
		{D17D39F3-9ACE-4DDE-8607-5A2638FB7CBE}.Debug|x86.Build.0 = Debug|x86
		{D17D39F3-9ACE-4DDE-8607-5A2638FB7CBE}.Debug|x86.Deploy.0 = Debug|x86
		{D17D39F3-9ACE-4DDE-8607-5A2638FB7CBE}.Release|Any CPU.ActiveCfg = Release|Any CPU
		{D17D39F3-9ACE-4DDE-8607-5A2638FB7CBE}.Release|Any CPU.Build.0 = Release|Any CPU
		{D17D39F3-9ACE-4DDE-8607-5A2638FB7CBE}.Release|Any CPU.Deploy.0 = Release|Any CPU
		{D17D39F3-9ACE-4DDE-8607-5A2638FB7CBE}.Release|ARM.ActiveCfg = Release|ARM
		{D17D39F3-9ACE-4DDE-8607-5A2638FB7CBE}.Release|ARM.Build.0 = Release|ARM
		{D17D39F3-9ACE-4DDE-8607-5A2638FB7CBE}.Release|ARM.Deploy.0 = Release|ARM
		{D17D39F3-9ACE-4DDE-8607-5A2638FB7CBE}.Release|iPhone.ActiveCfg = Release|Any CPU
		{D17D39F3-9ACE-4DDE-8607-5A2638FB7CBE}.Release|iPhoneSimulator.ActiveCfg = Release|Any CPU
		{D17D39F3-9ACE-4DDE-8607-5A2638FB7CBE}.Release|Mixed Platforms.ActiveCfg = Release|x86
		{D17D39F3-9ACE-4DDE-8607-5A2638FB7CBE}.Release|Mixed Platforms.Build.0 = Release|x86
		{D17D39F3-9ACE-4DDE-8607-5A2638FB7CBE}.Release|Mixed Platforms.Deploy.0 = Release|x86
		{D17D39F3-9ACE-4DDE-8607-5A2638FB7CBE}.Release|x86.ActiveCfg = Release|x86
		{D17D39F3-9ACE-4DDE-8607-5A2638FB7CBE}.Release|x86.Build.0 = Release|x86
		{D17D39F3-9ACE-4DDE-8607-5A2638FB7CBE}.Release|x86.Deploy.0 = Release|x86
	EndGlobalSection
	GlobalSection(SolutionProperties) = preSolution
		HideSolutionNode = FALSE
	EndGlobalSection
EndGlobal
